
Microsoft Visual Studio Solution File, Format Version 12.00
# Visual Studio 15
VisualStudioVersion = 15.0.27130.2010
MinimumVisualStudioVersion = 10.0.40219.1
Project("{2150E333-8FDC-42A3-9474-1A3956D46DE8}") = "src", "src", "{B867E038-B3CE-43E3-9292-61568C46CDEB}"
EndProject
Project("{2150E333-8FDC-42A3-9474-1A3956D46DE8}") = "mono", "mono", "{7B5CAAB1-A3EB-44F7-87E3-A13ED89FC17D}"
	ProjectSection(SolutionItems) = preProject
		src\mono\mono.targets = src\mono\mono.targets
	EndProjectSection
EndProject
Project("{9A19103F-16F7-4668-BE54-9A1E7A4F7556}") = "Microsoft.AspNetCore.Blazor.Mono", "src\Microsoft.AspNetCore.Blazor.Mono\Microsoft.AspNetCore.Blazor.Mono.csproj", "{39FEC72D-AF52-47A3-B63D-7BF0E4335248}"
EndProject
Project("{9A19103F-16F7-4668-BE54-9A1E7A4F7556}") = "Microsoft.AspNetCore.Blazor.Server", "src\Microsoft.AspNetCore.Blazor.Server\Microsoft.AspNetCore.Blazor.Server.csproj", "{5A694793-3257-4D37-BB74-4A41B3894685}"
EndProject
Project("{9A19103F-16F7-4668-BE54-9A1E7A4F7556}") = "Microsoft.AspNetCore.Blazor.BuildTools", "src\Microsoft.AspNetCore.Blazor.BuildTools\Microsoft.AspNetCore.Blazor.BuildTools.csproj", "{BB34336F-E68E-4411-9805-CAAA919F5EA1}"
EndProject
Project("{9A19103F-16F7-4668-BE54-9A1E7A4F7556}") = "Microsoft.AspNetCore.Blazor", "src\Microsoft.AspNetCore.Blazor\Microsoft.AspNetCore.Blazor.csproj", "{7FD8C650-74B3-4153-AEA1-00F4F6AF393D}"
EndProject
Project("{9A19103F-16F7-4668-BE54-9A1E7A4F7556}") = "Microsoft.AspNetCore.Blazor.Common", "src\Microsoft.AspNetCore.Blazor.Common\Microsoft.AspNetCore.Blazor.Common.csproj", "{21EF76A4-63CC-455D-907C-F86C9E442CEC}"
EndProject
Project("{9A19103F-16F7-4668-BE54-9A1E7A4F7556}") = "Microsoft.AspNetCore.Blazor.Build", "src\Microsoft.AspNetCore.Blazor.Build\Microsoft.AspNetCore.Blazor.Build.csproj", "{8B3D0F1C-0E38-4E6D-BFF1-C4FDA0CD9815}"
EndProject
Project("{9A19103F-16F7-4668-BE54-9A1E7A4F7556}") = "Microsoft.AspNetCore.Blazor.Browser.JS", "src\Microsoft.AspNetCore.Blazor.Browser.JS\Microsoft.AspNetCore.Blazor.Browser.JS.csproj", "{8A19B1CE-9B62-4440-93B3-152DDBB39D0A}"
EndProject
Project("{9A19103F-16F7-4668-BE54-9A1E7A4F7556}") = "Microsoft.AspNetCore.Blazor.Browser", "src\Microsoft.AspNetCore.Blazor.Browser\Microsoft.AspNetCore.Blazor.Browser.csproj", "{4874AFF4-335D-4037-8858-BBBB987C124B}"
EndProject
Project("{2150E333-8FDC-42A3-9474-1A3956D46DE8}") = "anglesharp", "anglesharp", "{4E3BD19A-6159-4548-A88F-700443E6D934}"
EndProject
Project("{9A19103F-16F7-4668-BE54-9A1E7A4F7556}") = "AngleSharpBuilder", "src\anglesharp\AngleSharpBuilder\AngleSharpBuilder.csproj", "{36706AC2-C851-4038-B161-9C1E44B668C8}"
EndProject
Project("{9A19103F-16F7-4668-BE54-9A1E7A4F7556}") = "Microsoft.AspNetCore.Blazor.Razor.Extensions", "src\Microsoft.AspNetCore.Blazor.Razor.Extensions\Microsoft.AspNetCore.Blazor.Razor.Extensions.csproj", "{D652A019-B765-4922-B7B8-3AB1C58338D7}"
EndProject
Project("{9A19103F-16F7-4668-BE54-9A1E7A4F7556}") = "Microsoft.AspNetCore.Blazor.Cli", "src\Microsoft.AspNetCore.Blazor.Cli\Microsoft.AspNetCore.Blazor.Cli.csproj", "{AF79BB84-BAE6-4F9A-9AD5-B0E3D7455288}"
EndProject
Project("{9A19103F-16F7-4668-BE54-9A1E7A4F7556}") = "Microsoft.AspNetCore.Blazor.Templates", "src\Microsoft.AspNetCore.Blazor.Templates\Microsoft.AspNetCore.Blazor.Templates.csproj", "{8C160273-0A1D-4D79-9F7B-7687B2D2F7C4}"
EndProject
Project("{9A19103F-16F7-4668-BE54-9A1E7A4F7556}") = "WHOISClientBlazorApp", "WHOISClientBlazorApp\WHOISClientBlazorApp.csproj", "{B0F005CD-EE99-4E4F-9484-A45FC90A1B5B}"
EndProject
Global
	GlobalSection(SolutionConfigurationPlatforms) = preSolution
		Debug|Any CPU = Debug|Any CPU
		Release|Any CPU = Release|Any CPU
	EndGlobalSection
	GlobalSection(ProjectConfigurationPlatforms) = postSolution
		{39FEC72D-AF52-47A3-B63D-7BF0E4335248}.Debug|Any CPU.ActiveCfg = Debug|Any CPU
		{39FEC72D-AF52-47A3-B63D-7BF0E4335248}.Debug|Any CPU.Build.0 = Debug|Any CPU
		{39FEC72D-AF52-47A3-B63D-7BF0E4335248}.Release|Any CPU.ActiveCfg = Release|Any CPU
		{39FEC72D-AF52-47A3-B63D-7BF0E4335248}.Release|Any CPU.Build.0 = Release|Any CPU
		{5A694793-3257-4D37-BB74-4A41B3894685}.Debug|Any CPU.ActiveCfg = Debug|Any CPU
		{5A694793-3257-4D37-BB74-4A41B3894685}.Debug|Any CPU.Build.0 = Debug|Any CPU
		{5A694793-3257-4D37-BB74-4A41B3894685}.Release|Any CPU.ActiveCfg = Release|Any CPU
		{5A694793-3257-4D37-BB74-4A41B3894685}.Release|Any CPU.Build.0 = Release|Any CPU
		{BB34336F-E68E-4411-9805-CAAA919F5EA1}.Debug|Any CPU.ActiveCfg = Debug|Any CPU
		{BB34336F-E68E-4411-9805-CAAA919F5EA1}.Debug|Any CPU.Build.0 = Debug|Any CPU
		{BB34336F-E68E-4411-9805-CAAA919F5EA1}.Release|Any CPU.ActiveCfg = Release|Any CPU
		{BB34336F-E68E-4411-9805-CAAA919F5EA1}.Release|Any CPU.Build.0 = Release|Any CPU
		{7FD8C650-74B3-4153-AEA1-00F4F6AF393D}.Debug|Any CPU.ActiveCfg = Debug|Any CPU
		{7FD8C650-74B3-4153-AEA1-00F4F6AF393D}.Debug|Any CPU.Build.0 = Debug|Any CPU
		{7FD8C650-74B3-4153-AEA1-00F4F6AF393D}.Release|Any CPU.ActiveCfg = Release|Any CPU
		{7FD8C650-74B3-4153-AEA1-00F4F6AF393D}.Release|Any CPU.Build.0 = Release|Any CPU
		{21EF76A4-63CC-455D-907C-F86C9E442CEC}.Debug|Any CPU.ActiveCfg = Debug|Any CPU
		{21EF76A4-63CC-455D-907C-F86C9E442CEC}.Debug|Any CPU.Build.0 = Debug|Any CPU
		{21EF76A4-63CC-455D-907C-F86C9E442CEC}.Release|Any CPU.ActiveCfg = Release|Any CPU
		{21EF76A4-63CC-455D-907C-F86C9E442CEC}.Release|Any CPU.Build.0 = Release|Any CPU
		{8B3D0F1C-0E38-4E6D-BFF1-C4FDA0CD9815}.Debug|Any CPU.ActiveCfg = Debug|Any CPU
		{8B3D0F1C-0E38-4E6D-BFF1-C4FDA0CD9815}.Debug|Any CPU.Build.0 = Debug|Any CPU
		{8B3D0F1C-0E38-4E6D-BFF1-C4FDA0CD9815}.Release|Any CPU.ActiveCfg = Release|Any CPU
		{8B3D0F1C-0E38-4E6D-BFF1-C4FDA0CD9815}.Release|Any CPU.Build.0 = Release|Any CPU
		{8A19B1CE-9B62-4440-93B3-152DDBB39D0A}.Debug|Any CPU.ActiveCfg = Debug|Any CPU
		{8A19B1CE-9B62-4440-93B3-152DDBB39D0A}.Debug|Any CPU.Build.0 = Debug|Any CPU
		{8A19B1CE-9B62-4440-93B3-152DDBB39D0A}.Release|Any CPU.ActiveCfg = Release|Any CPU
		{8A19B1CE-9B62-4440-93B3-152DDBB39D0A}.Release|Any CPU.Build.0 = Release|Any CPU
		{4874AFF4-335D-4037-8858-BBBB987C124B}.Debug|Any CPU.ActiveCfg = Debug|Any CPU
		{4874AFF4-335D-4037-8858-BBBB987C124B}.Debug|Any CPU.Build.0 = Debug|Any CPU
		{4874AFF4-335D-4037-8858-BBBB987C124B}.Release|Any CPU.ActiveCfg = Release|Any CPU
		{4874AFF4-335D-4037-8858-BBBB987C124B}.Release|Any CPU.Build.0 = Release|Any CPU
		{36706AC2-C851-4038-B161-9C1E44B668C8}.Debug|Any CPU.ActiveCfg = Debug|Any CPU
		{36706AC2-C851-4038-B161-9C1E44B668C8}.Debug|Any CPU.Build.0 = Debug|Any CPU
		{36706AC2-C851-4038-B161-9C1E44B668C8}.Release|Any CPU.ActiveCfg = Release|Any CPU
		{36706AC2-C851-4038-B161-9C1E44B668C8}.Release|Any CPU.Build.0 = Release|Any CPU
		{D652A019-B765-4922-B7B8-3AB1C58338D7}.Debug|Any CPU.ActiveCfg = Debug|Any CPU
		{D652A019-B765-4922-B7B8-3AB1C58338D7}.Debug|Any CPU.Build.0 = Debug|Any CPU
		{D652A019-B765-4922-B7B8-3AB1C58338D7}.Release|Any CPU.ActiveCfg = Release|Any CPU
		{D652A019-B765-4922-B7B8-3AB1C58338D7}.Release|Any CPU.Build.0 = Release|Any CPU
		{AF79BB84-BAE6-4F9A-9AD5-B0E3D7455288}.Debug|Any CPU.ActiveCfg = Debug|Any CPU
		{AF79BB84-BAE6-4F9A-9AD5-B0E3D7455288}.Debug|Any CPU.Build.0 = Debug|Any CPU
		{AF79BB84-BAE6-4F9A-9AD5-B0E3D7455288}.Release|Any CPU.ActiveCfg = Release|Any CPU
		{AF79BB84-BAE6-4F9A-9AD5-B0E3D7455288}.Release|Any CPU.Build.0 = Release|Any CPU
		{8C160273-0A1D-4D79-9F7B-7687B2D2F7C4}.Debug|Any CPU.ActiveCfg = Debug|Any CPU
		{8C160273-0A1D-4D79-9F7B-7687B2D2F7C4}.Debug|Any CPU.Build.0 = Debug|Any CPU
		{8C160273-0A1D-4D79-9F7B-7687B2D2F7C4}.Release|Any CPU.ActiveCfg = Release|Any CPU
		{8C160273-0A1D-4D79-9F7B-7687B2D2F7C4}.Release|Any CPU.Build.0 = Release|Any CPU
		{B0F005CD-EE99-4E4F-9484-A45FC90A1B5B}.Debug|Any CPU.ActiveCfg = Debug|Any CPU
		{B0F005CD-EE99-4E4F-9484-A45FC90A1B5B}.Debug|Any CPU.Build.0 = Debug|Any CPU
		{B0F005CD-EE99-4E4F-9484-A45FC90A1B5B}.Release|Any CPU.ActiveCfg = Release|Any CPU
		{B0F005CD-EE99-4E4F-9484-A45FC90A1B5B}.Release|Any CPU.Build.0 = Release|Any CPU
	EndGlobalSection
	GlobalSection(SolutionProperties) = preSolution
		HideSolutionNode = FALSE
	EndGlobalSection
	GlobalSection(NestedProjects) = preSolution
		{7B5CAAB1-A3EB-44F7-87E3-A13ED89FC17D} = {B867E038-B3CE-43E3-9292-61568C46CDEB}
		{39FEC72D-AF52-47A3-B63D-7BF0E4335248} = {B867E038-B3CE-43E3-9292-61568C46CDEB}
		{5A694793-3257-4D37-BB74-4A41B3894685} = {B867E038-B3CE-43E3-9292-61568C46CDEB}
		{BB34336F-E68E-4411-9805-CAAA919F5EA1} = {B867E038-B3CE-43E3-9292-61568C46CDEB}
		{7FD8C650-74B3-4153-AEA1-00F4F6AF393D} = {B867E038-B3CE-43E3-9292-61568C46CDEB}
		{21EF76A4-63CC-455D-907C-F86C9E442CEC} = {B867E038-B3CE-43E3-9292-61568C46CDEB}
		{8B3D0F1C-0E38-4E6D-BFF1-C4FDA0CD9815} = {B867E038-B3CE-43E3-9292-61568C46CDEB}
		{8A19B1CE-9B62-4440-93B3-152DDBB39D0A} = {B867E038-B3CE-43E3-9292-61568C46CDEB}
		{4874AFF4-335D-4037-8858-BBBB987C124B} = {B867E038-B3CE-43E3-9292-61568C46CDEB}
		{4E3BD19A-6159-4548-A88F-700443E6D934} = {B867E038-B3CE-43E3-9292-61568C46CDEB}
		{36706AC2-C851-4038-B161-9C1E44B668C8} = {4E3BD19A-6159-4548-A88F-700443E6D934}
		{D652A019-B765-4922-B7B8-3AB1C58338D7} = {B867E038-B3CE-43E3-9292-61568C46CDEB}
		{AF79BB84-BAE6-4F9A-9AD5-B0E3D7455288} = {B867E038-B3CE-43E3-9292-61568C46CDEB}
		{8C160273-0A1D-4D79-9F7B-7687B2D2F7C4} = {B867E038-B3CE-43E3-9292-61568C46CDEB}
	EndGlobalSection
	GlobalSection(ExtensibilityGlobals) = postSolution
		SolutionGuid = {504DA352-6788-4DC0-8705-82167E72A4D3}
	EndGlobalSection
EndGlobal
